
Microsoft Visual Studio Solution File, Format Version 12.00
# Visual Studio Version 17
VisualStudioVersion = 17.3.32929.385
MinimumVisualStudioVersion = 10.0.40219.1
Project("{FAE04EC0-301F-11D3-BF4B-00C04F79EFBC}") = "Examen2Parcial", "Examen2Parcial.csproj", "{63EBFF2A-FCBB-4438-9A9B-77D3D568B45A}"
EndProject
Project("{FAE04EC0-301F-11D3-BF4B-00C04F79EFBC}") = "Entidades", "..\Entidades\Entidades.csproj", "{FC5E3277-C446-4D8D-955B-43900B8349B2}"
EndProject
Project("{FAE04EC0-301F-11D3-BF4B-00C04F79EFBC}") = "Datos", "..\Datos\Datos.csproj", "{C72E87D9-D7F9-4862-8294-9C09E9C2191B}"
EndProject
Global
	GlobalSection(SolutionConfigurationPlatforms) = preSolution
		Debug|Any CPU = Debug|Any CPU
		Release|Any CPU = Release|Any CPU
	EndGlobalSection
	GlobalSection(ProjectConfigurationPlatforms) = postSolution
		{63EBFF2A-FCBB-4438-9A9B-77D3D568B45A}.Debug|Any CPU.ActiveCfg = Debug|Any CPU
		{63EBFF2A-FCBB-4438-9A9B-77D3D568B45A}.Debug|Any CPU.Build.0 = Debug|Any CPU
		{63EBFF2A-FCBB-4438-9A9B-77D3D568B45A}.Release|Any CPU.ActiveCfg = Release|Any CPU
		{63EBFF2A-FCBB-4438-9A9B-77D3D568B45A}.Release|Any CPU.Build.0 = Release|Any CPU
		{FC5E3277-C446-4D8D-955B-43900B8349B2}.Debug|Any CPU.ActiveCfg = Debug|Any CPU
		{FC5E3277-C446-4D8D-955B-43900B8349B2}.Debug|Any CPU.Build.0 = Debug|Any CPU
		{FC5E3277-C446-4D8D-955B-43900B8349B2}.Release|Any CPU.ActiveCfg = Release|Any CPU
		{FC5E3277-C446-4D8D-955B-43900B8349B2}.Release|Any CPU.Build.0 = Release|Any CPU
		{C72E87D9-D7F9-4862-8294-9C09E9C2191B}.Debug|Any CPU.ActiveCfg = Debug|Any CPU
		{C72E87D9-D7F9-4862-8294-9C09E9C2191B}.Debug|Any CPU.Build.0 = Debug|Any CPU
		{C72E87D9-D7F9-4862-8294-9C09E9C2191B}.Release|Any CPU.ActiveCfg = Release|Any CPU
		{C72E87D9-D7F9-4862-8294-9C09E9C2191B}.Release|Any CPU.Build.0 = Release|Any CPU
	EndGlobalSection
	GlobalSection(SolutionProperties) = preSolution
		HideSolutionNode = FALSE
	EndGlobalSection
	GlobalSection(ExtensibilityGlobals) = postSolution
		SolutionGuid = {3FD778FC-E4B4-4301-98D4-12479BC96414}
	EndGlobalSection
EndGlobal
